
Microsoft Visual Studio Solution File, Format Version 12.00
# Visual Studio 2012
Project("{FAE04EC0-301F-11D3-BF4B-00C04F79EFBC}") = "LendoXML", "LendoXML\LendoXML.csproj", "{BC8F81E7-19E6-4146-BBD7-9CB77313674C}"
EndProject
Project("{FAE04EC0-301F-11D3-BF4B-00C04F79EFBC}") = "FileXML", "FileXML\FileXML.csproj", "{38AEB89E-C865-4EE3-AC34-30C44D0FF29A}"
EndProject
Global
	GlobalSection(SolutionConfigurationPlatforms) = preSolution
		Debug|Any CPU = Debug|Any CPU
		Release|Any CPU = Release|Any CPU
	EndGlobalSection
	GlobalSection(ProjectConfigurationPlatforms) = postSolution
		{BC8F81E7-19E6-4146-BBD7-9CB77313674C}.Debug|Any CPU.ActiveCfg = Debug|Any CPU
		{BC8F81E7-19E6-4146-BBD7-9CB77313674C}.Debug|Any CPU.Build.0 = Debug|Any CPU
		{BC8F81E7-19E6-4146-BBD7-9CB77313674C}.Release|Any CPU.ActiveCfg = Release|Any CPU
		{BC8F81E7-19E6-4146-BBD7-9CB77313674C}.Release|Any CPU.Build.0 = Release|Any CPU
		{38AEB89E-C865-4EE3-AC34-30C44D0FF29A}.Debug|Any CPU.ActiveCfg = Debug|Any CPU
		{38AEB89E-C865-4EE3-AC34-30C44D0FF29A}.Debug|Any CPU.Build.0 = Debug|Any CPU
		{38AEB89E-C865-4EE3-AC34-30C44D0FF29A}.Release|Any CPU.ActiveCfg = Release|Any CPU
		{38AEB89E-C865-4EE3-AC34-30C44D0FF29A}.Release|Any CPU.Build.0 = Release|Any CPU
	EndGlobalSection
	GlobalSection(SolutionProperties) = preSolution
		HideSolutionNode = FALSE
	EndGlobalSection
EndGlobal
