
Microsoft Visual Studio Solution File, Format Version 12.00
# Visual Studio 2012
Project("{FAE04EC0-301F-11D3-BF4B-00C04F79EFBC}") = "lab2-3", "lab2-3\lab2-3.csproj", "{96F69951-3077-41E7-AD0C-16EE12E42557}"
EndProject
Project("{FAE04EC0-301F-11D3-BF4B-00C04F79EFBC}") = "lab2-3-ConsoleApplication", "lab2-3-ConsoleApplication\lab2-3-ConsoleApplication.csproj", "{2F64AD0E-7C85-49A7-972D-4DD87EEBFD55}"
EndProject
Project("{FAE04EC0-301F-11D3-BF4B-00C04F79EFBC}") = "lab2-3-Inteface", "lab2-3-Inteface\lab2-3-Inteface.csproj", "{266F28ED-BBE7-43E8-B824-61F179D31C7E}"
EndProject
Global
	GlobalSection(SolutionConfigurationPlatforms) = preSolution
		Debug|Any CPU = Debug|Any CPU
		Release|Any CPU = Release|Any CPU
	EndGlobalSection
	GlobalSection(ProjectConfigurationPlatforms) = postSolution
		{96F69951-3077-41E7-AD0C-16EE12E42557}.Debug|Any CPU.ActiveCfg = Debug|Any CPU
		{96F69951-3077-41E7-AD0C-16EE12E42557}.Debug|Any CPU.Build.0 = Debug|Any CPU
		{96F69951-3077-41E7-AD0C-16EE12E42557}.Release|Any CPU.ActiveCfg = Release|Any CPU
		{96F69951-3077-41E7-AD0C-16EE12E42557}.Release|Any CPU.Build.0 = Release|Any CPU
		{2F64AD0E-7C85-49A7-972D-4DD87EEBFD55}.Debug|Any CPU.ActiveCfg = Debug|Any CPU
		{2F64AD0E-7C85-49A7-972D-4DD87EEBFD55}.Debug|Any CPU.Build.0 = Debug|Any CPU
		{2F64AD0E-7C85-49A7-972D-4DD87EEBFD55}.Release|Any CPU.ActiveCfg = Release|Any CPU
		{2F64AD0E-7C85-49A7-972D-4DD87EEBFD55}.Release|Any CPU.Build.0 = Release|Any CPU
		{266F28ED-BBE7-43E8-B824-61F179D31C7E}.Debug|Any CPU.ActiveCfg = Debug|Any CPU
		{266F28ED-BBE7-43E8-B824-61F179D31C7E}.Debug|Any CPU.Build.0 = Debug|Any CPU
		{266F28ED-BBE7-43E8-B824-61F179D31C7E}.Release|Any CPU.ActiveCfg = Release|Any CPU
		{266F28ED-BBE7-43E8-B824-61F179D31C7E}.Release|Any CPU.Build.0 = Release|Any CPU
	EndGlobalSection
	GlobalSection(SolutionProperties) = preSolution
		HideSolutionNode = FALSE
	EndGlobalSection
EndGlobal
