
Microsoft Visual Studio Solution File, Format Version 12.00
# Visual Studio 2012
Project("{FAE04EC0-301F-11D3-BF4B-00C04F79EFBC}") = "Polimorfismo", "Polimorfismo\Polimorfismo.csproj", "{2B467CAD-8902-4861-A53D-F651E3819011}"
EndProject
Global
	GlobalSection(SolutionConfigurationPlatforms) = preSolution
		Debug|Any CPU = Debug|Any CPU
		Release|Any CPU = Release|Any CPU
	EndGlobalSection
	GlobalSection(ProjectConfigurationPlatforms) = postSolution
		{2B467CAD-8902-4861-A53D-F651E3819011}.Debug|Any CPU.ActiveCfg = Debug|Any CPU
		{2B467CAD-8902-4861-A53D-F651E3819011}.Debug|Any CPU.Build.0 = Debug|Any CPU
		{2B467CAD-8902-4861-A53D-F651E3819011}.Release|Any CPU.ActiveCfg = Release|Any CPU
		{2B467CAD-8902-4861-A53D-F651E3819011}.Release|Any CPU.Build.0 = Release|Any CPU
	EndGlobalSection
	GlobalSection(SolutionProperties) = preSolution
		HideSolutionNode = FALSE
	EndGlobalSection
EndGlobal
